
Microsoft Visual Studio Solution File, Format Version 12.00
# Visual Studio 15
VisualStudioVersion = 15.0.28307.757
MinimumVisualStudioVersion = 10.0.40219.1
Project("{FAE04EC0-301F-11D3-BF4B-00C04F79EFBC}") = "TcpClient", "TcpClient.csproj", "{AD5BB586-247A-4A65-9733-ADD665FEC0DA}"
EndProject
Global
	GlobalSection(SolutionConfigurationPlatforms) = preSolution
		Debug|Any CPU = Debug|Any CPU
		Release|Any CPU = Release|Any CPU
	EndGlobalSection
	GlobalSection(ProjectConfigurationPlatforms) = postSolution
		{AD5BB586-247A-4A65-9733-ADD665FEC0DA}.Debug|Any CPU.ActiveCfg = Debug|Any CPU
		{AD5BB586-247A-4A65-9733-ADD665FEC0DA}.Debug|Any CPU.Build.0 = Debug|Any CPU
		{AD5BB586-247A-4A65-9733-ADD665FEC0DA}.Release|Any CPU.ActiveCfg = Release|Any CPU
		{AD5BB586-247A-4A65-9733-ADD665FEC0DA}.Release|Any CPU.Build.0 = Release|Any CPU
	EndGlobalSection
	GlobalSection(SolutionProperties) = preSolution
		HideSolutionNode = FALSE
	EndGlobalSection
	GlobalSection(ExtensibilityGlobals) = postSolution
		SolutionGuid = {BE056886-9D9B-4711-8D48-A36DF92DEF46}
	EndGlobalSection
EndGlobal
